
Microsoft Visual Studio Solution File, Format Version 12.00
# Visual Studio Version 17
VisualStudioVersion = 17.12.35527.113 d17.12
MinimumVisualStudioVersion = 10.0.40219.1
Project("{FAE04EC0-301F-11D3-BF4B-00C04F79EFBC}") = "ConsoleAppCalc", "ConsoleAppCalc\ConsoleAppCalc.csproj", "{FA0D13B2-DB8B-4753-B514-3ECA42067B42}"
EndProject
Global
	GlobalSection(SolutionConfigurationPlatforms) = preSolution
		Debug|Any CPU = Debug|Any CPU
		Release|Any CPU = Release|Any CPU
	EndGlobalSection
	GlobalSection(ProjectConfigurationPlatforms) = postSolution
		{FA0D13B2-DB8B-4753-B514-3ECA42067B42}.Debug|Any CPU.ActiveCfg = Debug|Any CPU
		{FA0D13B2-DB8B-4753-B514-3ECA42067B42}.Debug|Any CPU.Build.0 = Debug|Any CPU
		{FA0D13B2-DB8B-4753-B514-3ECA42067B42}.Release|Any CPU.ActiveCfg = Release|Any CPU
		{FA0D13B2-DB8B-4753-B514-3ECA42067B42}.Release|Any CPU.Build.0 = Release|Any CPU
	EndGlobalSection
	GlobalSection(SolutionProperties) = preSolution
		HideSolutionNode = FALSE
	EndGlobalSection
EndGlobal
